// !$*UTF8*$!
{
	archiveVersion = 1;
	classes = {
	};
	objectVersion = 46;
	objects = {

/* Begin PBXBuildFile section */
		6EC873741F38F86600E2BA40 /* main.m in Sources */ = {isa = PBXBuildFile; fileRef = 6EC873731F38F86600E2BA40 /* main.m */; };
		6EC873771F38F86600E2BA40 /* AppDelegate.m in Sources */ = {isa = PBXBuildFile; fileRef = 6EC873761F38F86600E2BA40 /* AppDelegate.m */; };
		6EC8737A1F38F86600E2BA40 /* ViewController.m in Sources */ = {isa = PBXBuildFile; fileRef = 6EC873791F38F86600E2BA40 /* ViewController.m */; };
		6EC8737D1F38F86600E2BA40 /* Main.storyboard in Resources */ = {isa = PBXBuildFile; fileRef = 6EC8737B1F38F86600E2BA40 /* Main.storyboard */; };
		6EC8737F1F38F86600E2BA40 /* Assets.xcassets in Resources */ = {isa = PBXBuildFile; fileRef = 6EC8737E1F38F86600E2BA40 /* Assets.xcassets */; };
		6EC873821F38F86600E2BA40 /* LaunchScreen.storyboard in Resources */ = {isa = PBXBuildFile; fileRef = 6EC873801F38F86600E2BA40 /* LaunchScreen.storyboard */; };
		6EC8738D1F38F86600E2BA40 /* LoserTests.m in Sources */ = {isa = PBXBuildFile; fileRef = 6EC8738C1F38F86600E2BA40 /* LoserTests.m */; };
		6EC873981F38F86600E2BA40 /* LoserUITests.m in Sources */ = {isa = PBXBuildFile; fileRef = 6EC873971F38F86600E2BA40 /* LoserUITests.m */; };
		6EC873A71F38F87A00E2BA40 /* AudioToolbox.framework in Frameworks */ = {isa = PBXBuildFile; fileRef = 6EC873A61F38F87A00E2BA40 /* AudioToolbox.framework */; };
		6EC873A91F38F88B00E2BA40 /* loser.wav in Resources */ = {isa = PBXBuildFile; fileRef = 6EC873A81F38F88B00E2BA40 /* loser.wav */; };
		6EC873AA1F38F88B00E2BA40 /* loser.wav in Resources */ = {isa = PBXBuildFile; fileRef = 6EC873A81F38F88B00E2BA40 /* loser.wav */; };
		6EC873AB1F38F88B00E2BA40 /* loser.wav in Resources */ = {isa = PBXBuildFile; fileRef = 6EC873A81F38F88B00E2BA40 /* loser.wav */; };
/* End PBXBuildFile section */

/* Begin PBXContainerItemProxy section */
		6EC873891F38F86600E2BA40 /* PBXContainerItemProxy */ = {
			isa = PBXContainerItemProxy;
			containerPortal = 6EC873671F38F86600E2BA40 /* Project object */;
			proxyType = 1;
			remoteGlobalIDString = 6EC8736E1F38F86600E2BA40;
			remoteInfo = Loser;
		};
		6EC873941F38F86600E2BA40 /* PBXContainerItemProxy */ = {
			isa = PBXContainerItemProxy;
			containerPortal = 6EC873671F38F86600E2BA40 /* Project object */;
			proxyType = 1;
			remoteGlobalIDString = 6EC8736E1F38F86600E2BA40;
			remoteInfo = Loser;
		};
/* End PBXContainerItemProxy section */

/* Begin PBXFileReference section */
		6EC8736F1F38F86600E2BA40 /* Loser.app */ = {isa = PBXFileReference; explicitFileType = wrapper.application; includeInIndex = 0; path = Loser.app; sourceTree = BUILT_PRODUCTS_DIR; };
		6EC873731F38F86600E2BA40 /* main.m */ = {isa = PBXFileReference; lastKnownFileType = sourcecode.c.objc; path = main.m; sourceTree = "<group>"; };
		6EC873751F38F86600E2BA40 /* AppDelegate.h */ = {isa = PBXFileReference; lastKnownFileType = sourcecode.c.h; path = AppDelegate.h; sourceTree = "<group>"; };
		6EC873761F38F86600E2BA40 /* AppDelegate.m */ = {isa = PBXFileReference; lastKnownFileType = sourcecode.c.objc; path = AppDelegate.m; sourceTree = "<group>"; };
		6EC873781F38F86600E2BA40 /* ViewController.h */ = {isa = PBXFileReference; lastKnownFileType = sourcecode.c.h; path = ViewController.h; sourceTree = "<group>"; };
		6EC873791F38F86600E2BA40 /* ViewController.m */ = {isa = PBXFileReference; lastKnownFileType = sourcecode.c.objc; path = ViewController.m; sourceTree = "<group>"; };
		6EC8737C1F38F86600E2BA40 /* Base */ = {isa = PBXFileReference; lastKnownFileType = file.storyboard; name = Base; path = Base.lproj/Main.storyboard; sourceTree = "<group>"; };
		6EC8737E1F38F86600E2BA40 /* Assets.xcassets */ = {isa = PBXFileReference; lastKnownFileType = folder.assetcatalog; path = Assets.xcassets; sourceTree = "<group>"; };
		6EC873811F38F86600E2BA40 /* Base */ = {isa = PBXFileReference; lastKnownFileType = file.storyboard; name = Base; path = Base.lproj/LaunchScreen.storyboard; sourceTree = "<group>"; };
		6EC873831F38F86600E2BA40 /* Info.plist */ = {isa = PBXFileReference; lastKnownFileType = text.plist.xml; path = Info.plist; sourceTree = "<group>"; };
		6EC873881F38F86600E2BA40 /* LoserTests.xctest */ = {isa = PBXFileReference; explicitFileType = wrapper.cfbundle; includeInIndex = 0; path = LoserTests.xctest; sourceTree = BUILT_PRODUCTS_DIR; };
		6EC8738C1F38F86600E2BA40 /* LoserTests.m */ = {isa = PBXFileReference; lastKnownFileType = sourcecode.c.objc; path = LoserTests.m; sourceTree = "<group>"; };
		6EC8738E1F38F86600E2BA40 /* Info.plist */ = {isa = PBXFileReference; lastKnownFileType = text.plist.xml; path = Info.plist; sourceTree = "<group>"; };
		6EC873931F38F86600E2BA40 /* LoserUITests.xctest */ = {isa = PBXFileReference; explicitFileType = wrapper.cfbundle; includeInIndex = 0; path = LoserUITests.xctest; sourceTree = BUILT_PRODUCTS_DIR; };
		6EC873971F38F86600E2BA40 /* LoserUITests.m */ = {isa = PBXFileReference; lastKnownFileType = sourcecode.c.objc; path = LoserUITests.m; sourceTree = "<group>"; };
		6EC873991F38F86600E2BA40 /* Info.plist */ = {isa = PBXFileReference; lastKnownFileType = text.plist.xml; path = Info.plist; sourceTree = "<group>"; };
		6EC873A61F38F87A00E2BA40 /* AudioToolbox.framework */ = {isa = PBXFileReference; lastKnownFileType = wrapper.framework; name = AudioToolbox.framework; path = System/Library/Frameworks/AudioToolbox.framework; sourceTree = SDKROOT; };
		6EC873A81F38F88B00E2BA40 /* loser.wav */ = {isa = PBXFileReference; lastKnownFileType = audio.wav; path = loser.wav; sourceTree = "<group>"; };
/* End PBXFileReference section */

/* Begin PBXFrameworksBuildPhase section */
		6EC8736C1F38F86600E2BA40 /* Frameworks */ = {
			isa = PBXFrameworksBuildPhase;
			buildActionMask = 2147483647;
			files = (
				6EC873A71F38F87A00E2BA40 /* AudioToolbox.framework in Frameworks */,
			);
			runOnlyForDeploymentPostprocessing = 0;
		};
		6EC873851F38F86600E2BA40 /* Frameworks */ = {
			isa = PBXFrameworksBuildPhase;
			buildActionMask = 2147483647;
			files = (
			);
			runOnlyForDeploymentPostprocessing = 0;
		};
		6EC873901F38F86600E2BA40 /* Frameworks */ = {
			isa = PBXFrameworksBuildPhase;
			buildActionMask = 2147483647;
			files = (
			);
			runOnlyForDeploymentPostprocessing = 0;
		};
/* End PBXFrameworksBuildPhase section */

/* Begin PBXGroup section */
		6EC873661F38F86600E2BA40 = {
			isa = PBXGroup;
			children = (
				6EC873711F38F86600E2BA40 /* Loser */,
				6EC8738B1F38F86600E2BA40 /* LoserTests */,
				6EC873961F38F86600E2BA40 /* LoserUITests */,
				6EC873701F38F86600E2BA40 /* Products */,
				6EC873A51F38F87A00E2BA40 /* Frameworks */,
			);
			sourceTree = "<group>";
		};
		6EC873701F38F86600E2BA40 /* Products */ = {
			isa = PBXGroup;
			children = (
				6EC8736F1F38F86600E2BA40 /* Loser.app */,
				6EC873881F38F86600E2BA40 /* LoserTests.xctest */,
				6EC873931F38F86600E2BA40 /* LoserUITests.xctest */,
			);
			name = Products;
			sourceTree = "<group>";
		};
		6EC873711F38F86600E2BA40 /* Loser */ = {
			isa = PBXGroup;
			children = (
				6EC873751F38F86600E2BA40 /* AppDelegate.h */,
				6EC873761F38F86600E2BA40 /* AppDelegate.m */,
				6EC873781F38F86600E2BA40 /* ViewController.h */,
				6EC873791F38F86600E2BA40 /* ViewController.m */,
				6EC8737B1F38F86600E2BA40 /* Main.storyboard */,
				6EC8737E1F38F86600E2BA40 /* Assets.xcassets */,
				6EC873801F38F86600E2BA40 /* LaunchScreen.storyboard */,
				6EC873831F38F86600E2BA40 /* Info.plist */,
				6EC873721F38F86600E2BA40 /* Supporting Files */,
			);
			path = Loser;
			sourceTree = "<group>";
		};
		6EC873721F38F86600E2BA40 /* Supporting Files */ = {
			isa = PBXGroup;
			children = (
				6EC873A81F38F88B00E2BA40 /* loser.wav */,
				6EC873731F38F86600E2BA40 /* main.m */,
			);
			name = "Supporting Files";
			sourceTree = "<group>";
		};
		6EC8738B1F38F86600E2BA40 /* LoserTests */ = {
			isa = PBXGroup;
			children = (
				6EC8738C1F38F86600E2BA40 /* LoserTests.m */,
				6EC8738E1F38F86600E2BA40 /* Info.plist */,
			);
			path = LoserTests;
			sourceTree = "<group>";
		};
		6EC873961F38F86600E2BA40 /* LoserUITests */ = {
			isa = PBXGroup;
			children = (
				6EC873971F38F86600E2BA40 /* LoserUITests.m */,
				6EC873991F38F86600E2BA40 /* Info.plist */,
			);
			path = LoserUITests;
			sourceTree = "<group>";
		};
		6EC873A51F38F87A00E2BA40 /* Frameworks */ = {
			isa = PBXGroup;
			children = (
				6EC873A61F38F87A00E2BA40 /* AudioToolbox.framework */,
			);
			name = Frameworks;
			sourceTree = "<group>";
		};
/* End PBXGroup section */

/* Begin PBXNativeTarget section */
		6EC8736E1F38F86600E2BA40 /* Loser */ = {
			isa = PBXNativeTarget;
			buildConfigurationList = 6EC8739C1F38F86600E2BA40 /* Build configuration list for PBXNativeTarget "Loser" */;
			buildPhases = (
				6EC8736B1F38F86600E2BA40 /* Sources */,
				6EC8736C1F38F86600E2BA40 /* Frameworks */,
				6EC8736D1F38F86600E2BA40 /* Resources */,
			);
			buildRules = (
			);
			dependencies = (
			);
			name = Loser;
			productName = Loser;
			productReference = 6EC8736F1F38F86600E2BA40 /* Loser.app */;
			productType = "com.apple.product-type.application";
		};
		6EC873871F38F86600E2BA40 /* LoserTests */ = {
			isa = PBXNativeTarget;
			buildConfigurationList = 6EC8739F1F38F86600E2BA40 /* Build configuration list for PBXNativeTarget "LoserTests" */;
			buildPhases = (
				6EC873841F38F86600E2BA40 /* Sources */,
				6EC873851F38F86600E2BA40 /* Frameworks */,
				6EC873861F38F86600E2BA40 /* Resources */,
			);
			buildRules = (
			);
			dependencies = (
				6EC8738A1F38F86600E2BA40 /* PBXTargetDependency */,
			);
			name = LoserTests;
			productName = LoserTests;
			productReference = 6EC873881F38F86600E2BA40 /* LoserTests.xctest */;
			productType = "com.apple.product-type.bundle.unit-test";
		};
		6EC873921F38F86600E2BA40 /* LoserUITests */ = {
			isa = PBXNativeTarget;
			buildConfigurationList = 6EC873A21F38F86600E2BA40 /* Build configuration list for PBXNativeTarget "LoserUITests" */;
			buildPhases = (
				6EC8738F1F38F86600E2BA40 /* Sources */,
				6EC873901F38F86600E2BA40 /* Frameworks */,
				6EC873911F38F86600E2BA40 /* Resources */,
			);
			buildRules = (
			);
			dependencies = (
				6EC873951F38F86600E2BA40 /* PBXTargetDependency */,
			);
			name = LoserUITests;
			productName = LoserUITests;
			productReference = 6EC873931F38F86600E2BA40 /* LoserUITests.xctest */;
			productType = "com.apple.product-type.bundle.ui-testing";
		};
/* End PBXNativeTarget section */

/* Begin PBXProject section */
		6EC873671F38F86600E2BA40 /* Project object */ = {
			isa = PBXProject;
			attributes = {
				LastUpgradeCheck = 0830;
				ORGANIZATIONNAME = "Natasha Mitchko";
				TargetAttributes = {
					6EC8736E1F38F86600E2BA40 = {
						CreatedOnToolsVersion = 8.3.3;
						ProvisioningStyle = Automatic;
					};
					6EC873871F38F86600E2BA40 = {
						CreatedOnToolsVersion = 8.3.3;
						ProvisioningStyle = Automatic;
						TestTargetID = 6EC8736E1F38F86600E2BA40;
					};
					6EC873921F38F86600E2BA40 = {
						CreatedOnToolsVersion = 8.3.3;
						ProvisioningStyle = Automatic;
						TestTargetID = 6EC8736E1F38F86600E2BA40;
					};
				};
			};
			buildConfigurationList = 6EC8736A1F38F86600E2BA40 /* Build configuration list for PBXProject "Loser" */;
			compatibilityVersion = "Xcode 3.2";
			developmentRegion = English;
			hasScannedForEncodings = 0;
			knownRegions = (
				en,
				Base,
			);
			mainGroup = 6EC873661F38F86600E2BA40;
			productRefGroup = 6EC873701F38F86600E2BA40 /* Products */;
			projectDirPath = "";
			projectRoot = "";
			targets = (
				6EC8736E1F38F86600E2BA40 /* Loser */,
				6EC873871F38F86600E2BA40 /* LoserTests */,
				6EC873921F38F86600E2BA40 /* LoserUITests */,
			);
		};
/* End PBXProject section */

/* Begin PBXResourcesBuildPhase section */
		6EC8736D1F38F86600E2BA40 /* Resources */ = {
			isa = PBXResourcesBuildPhase;
			buildActionMask = 2147483647;
			files = (
				6EC873821F38F86600E2BA40 /* LaunchScreen.storyboard in Resources */,
				6EC8737F1F38F86600E2BA40 /* Assets.xcassets in Resources */,
				6EC873A91F38F88B00E2BA40 /* loser.wav in Resources */,
				6EC8737D1F38F86600E2BA40 /* Main.storyboard in Resources */,
			);
			runOnlyForDeploymentPostprocessing = 0;
		};
		6EC873861F38F86600E2BA40 /* Resources */ = {
			isa = PBXResourcesBuildPhase;
			buildActionMask = 2147483647;
			files = (
				6EC873AA1F38F88B00E2BA40 /* loser.wav in Resources */,
			);
			runOnlyForDeploymentPostprocessing = 0;
		};
		6EC873911F38F86600E2BA40 /* Resources */ = {
			isa = PBXResourcesBuildPhase;
			buildActionMask = 2147483647;
			files = (
				6EC873AB1F38F88B00E2BA40 /* loser.wav in Resources */,
			);
			runOnlyForDeploymentPostprocessing = 0;
		};
/* End PBXResourcesBuildPhase section */

/* Begin PBXSourcesBuildPhase section */
		6EC8736B1F38F86600E2BA40 /* Sources */ = {
			isa = PBXSourcesBuildPhase;
			buildActionMask = 2147483647;
			files = (
				6EC8737A1F38F86600E2BA40 /* ViewController.m in Sources */,
				6EC873771F38F86600E2BA40 /* AppDelegate.m in Sources */,
				6EC873741F38F86600E2BA40 /* main.m in Sources */,
			);
			runOnlyForDeploymentPostprocessing = 0;
		};
		6EC873841F38F86600E2BA40 /* Sources */ = {
			isa = PBXSourcesBuildPhase;
			buildActionMask = 2147483647;
			files = (
				6EC8738D1F38F86600E2BA40 /* LoserTests.m in Sources */,
			);
			runOnlyForDeploymentPostprocessing = 0;
		};
		6EC8738F1F38F86600E2BA40 /* Sources */ = {
			isa = PBXSourcesBuildPhase;
			buildActionMask = 2147483647;
			files = (
				6EC873981F38F86600E2BA40 /* LoserUITests.m in Sources */,
			);
			runOnlyForDeploymentPostprocessing = 0;
		};
/* End PBXSourcesBuildPhase section */

/* Begin PBXTargetDependency section */
		6EC8738A1F38F86600E2BA40 /* PBXTargetDependency */ = {
			isa = PBXTargetDependency;
			target = 6EC8736E1F38F86600E2BA40 /* Loser */;
			targetProxy = 6EC873891F38F86600E2BA40 /* PBXContainerItemProxy */;
		};
		6EC873951F38F86600E2BA40 /* PBXTargetDependency */ = {
			isa = PBXTargetDependency;
			target = 6EC8736E1F38F86600E2BA40 /* Loser */;
			targetProxy = 6EC873941F38F86600E2BA40 /* PBXContainerItemProxy */;
		};
/* End PBXTargetDependency section */

/* Begin PBXVariantGroup section */
		6EC8737B1F38F86600E2BA40 /* Main.storyboard */ = {
			isa = PBXVariantGroup;
			children = (
				6EC8737C1F38F86600E2BA40 /* Base */,
			);
			name = Main.storyboard;
			sourceTree = "<group>";
		};
		6EC873801F38F86600E2BA40 /* LaunchScreen.storyboard */ = {
			isa = PBXVariantGroup;
			children = (
				6EC873811F38F86600E2BA40 /* Base */,
			);
			name = LaunchScreen.storyboard;
			sourceTree = "<group>";
		};
/* End PBXVariantGroup section */

/* Begin XCBuildConfiguration section */
		6EC8739A1F38F86600E2BA40 /* Debug */ = {
			isa = XCBuildConfiguration;
			buildSettings = {
				ALWAYS_SEARCH_USER_PATHS = NO;
				CLANG_ANALYZER_NONNULL = YES;
				CLANG_ANALYZER_NUMBER_OBJECT_CONVERSION = YES_AGGRESSIVE;
				CLANG_CXX_LANGUAGE_STANDARD = "gnu++0x";
				CLANG_CXX_LIBRARY = "libc++";
				CLANG_ENABLE_MODULES = YES;
				CLANG_ENABLE_OBJC_ARC = YES;
				CLANG_WARN_BOOL_CONVERSION = YES;
				CLANG_WARN_CONSTANT_CONVERSION = YES;
				CLANG_WARN_DIRECT_OBJC_ISA_USAGE = YES_ERROR;
				CLANG_WARN_DOCUMENTATION_COMMENTS = YES;
				CLANG_WARN_EMPTY_BODY = YES;
				CLANG_WARN_ENUM_CONVERSION = YES;
				CLANG_WARN_INFINITE_RECURSION = YES;
				CLANG_WARN_INT_CONVERSION = YES;
				CLANG_WARN_OBJC_ROOT_CLASS = YES_ERROR;
				CLANG_WARN_SUSPICIOUS_MOVE = YES;
				CLANG_WARN_UNREACHABLE_CODE = YES;
				CLANG_WARN__DUPLICATE_METHOD_MATCH = YES;
				"CODE_SIGN_IDENTITY[sdk=iphoneos*]" = "iPhone Developer";
				COPY_PHASE_STRIP = NO;
				DEBUG_INFORMATION_FORMAT = dwarf;
				ENABLE_STRICT_OBJC_MSGSEND = YES;
				ENABLE_TESTABILITY = YES;
				GCC_C_LANGUAGE_STANDARD = gnu99;
				GCC_DYNAMIC_NO_PIC = NO;
				GCC_NO_COMMON_BLOCKS = YES;
				GCC_OPTIMIZATION_LEVEL = 0;
				GCC_PREPROCESSOR_DEFINITIONS = (
					"DEBUG=1",
					"$(inherited)",
				);
				GCC_WARN_64_TO_32_BIT_CONVERSION = YES;
				GCC_WARN_ABOUT_RETURN_TYPE = YES_ERROR;
				GCC_WARN_UNDECLARED_SELECTOR = YES;
				GCC_WARN_UNINITIALIZED_AUTOS = YES_AGGRESSIVE;
				GCC_WARN_UNUSED_FUNCTION = YES;
				GCC_WARN_UNUSED_VARIABLE = YES;
				IPHONEOS_DEPLOYMENT_TARGET = 10.3;
				MTL_ENABLE_DEBUG_INFO = YES;
				ONLY_ACTIVE_ARCH = YES;
				SDKROOT = iphoneos;
				TARGETED_DEVICE_FAMILY = "1,2";
			};
			name = Debug;
		};
		6EC8739B1F38F86600E2BA40 /* Release */ = {
			isa = XCBuildConfiguration;
			buildSettings = {
				ALWAYS_SEARCH_USER_PATHS = NO;
				CLANG_ANALYZER_NONNULL = YES;
				CLANG_ANALYZER_NUMBER_OBJECT_CONVERSION = YES_AGGRESSIVE;
				CLANG_CXX_LANGUAGE_STANDARD = "gnu++0x";
				CLANG_CXX_LIBRARY = "libc++";
				CLANG_ENABLE_MODULES = YES;
				CLANG_ENABLE_OBJC_ARC = YES;
				CLANG_WARN_BOOL_CONVERSION = YES;
				CLANG_WARN_CONSTANT_CONVERSION = YES;
				CLANG_WARN_DIRECT_OBJC_ISA_USAGE = YES_ERROR;
				CLANG_WARN_DOCUMENTATION_COMMENTS = YES;
				CLANG_WARN_EMPTY_BODY = YES;
				CLANG_WARN_ENUM_CONVERSION = YES;
				CLANG_WARN_INFINITE_RECURSION = YES;
				CLANG_WARN_INT_CONVERSION = YES;
				CLANG_WARN_OBJC_ROOT_CLASS = YES_ERROR;
				CLANG_WARN_SUSPICIOUS_MOVE = YES;
				CLANG_WARN_UNREACHABLE_CODE = YES;
				CLANG_WARN__DUPLICATE_METHOD_MATCH = YES;
				"CODE_SIGN_IDENTITY[sdk=iphoneos*]" = "iPhone Developer";
				COPY_PHASE_STRIP = NO;
				DEBUG_INFORMATION_FORMAT = "dwarf-with-dsym";
				ENABLE_NS_ASSERTIONS = NO;
				ENABLE_STRICT_OBJC_MSGSEND = YES;
				GCC_C_LANGUAGE_STANDARD = gnu99;
				GCC_NO_COMMON_BLOCKS = YES;
				GCC_WARN_64_TO_32_BIT_CONVERSION = YES;
				GCC_WARN_ABOUT_RETURN_TYPE = YES_ERROR;
				GCC_WARN_UNDECLARED_SELECTOR = YES;
				GCC_WARN_UNINITIALIZED_AUTOS = YES_AGGRESSIVE;
				GCC_WARN_UNUSED_FUNCTION = YES;
				GCC_WARN_UNUSED_VARIABLE = YES;
				IPHONEOS_DEPLOYMENT_TARGET = 10.3;
				MTL_ENABLE_DEBUG_INFO = NO;
				SDKROOT = iphoneos;
				TARGETED_DEVICE_FAMILY = "1,2";
				VALIDATE_PRODUCT = YES;
			};
			name = Release;
		};
		6EC8739D1F38F86600E2BA40 /* Debug */ = {
			isa = XCBuildConfiguration;
			buildSettings = {
				ASSETCATALOG_COMPILER_APPICON_NAME = AppIcon;
				INFOPLIST_FILE = Loser/Info.plist;
				LD_RUNPATH_SEARCH_PATHS = "$(inherited) @executable_path/Frameworks";
				PRODUCT_BUNDLE_IDENTIFIER = Natasha.Loser;
				PRODUCT_NAME = "$(TARGET_NAME)";
			};
			name = Debug;
		};
		6EC8739E1F38F86600E2BA40 /* Release */ = {
			isa = XCBuildConfiguration;
			buildSettings = {
				ASSETCATALOG_COMPILER_APPICON_NAME = AppIcon;
				INFOPLIST_FILE = Loser/Info.plist;
				LD_RUNPATH_SEARCH_PATHS = "$(inherited) @executable_path/Frameworks";
				PRODUCT_BUNDLE_IDENTIFIER = Natasha.Loser;
				PRODUCT_NAME = "$(TARGET_NAME)";
			};
			name = Release;
		};
		6EC873A01F38F86600E2BA40 /* Debug */ = {
			isa = XCBuildConfiguration;
			buildSettings = {
				BUNDLE_LOADER = "$(TEST_HOST)";
				INFOPLIST_FILE = LoserTests/Info.plist;
				LD_RUNPATH_SEARCH_PATHS = "$(inherited) @executable_path/Frameworks @loader_path/Frameworks";
				PRODUCT_BUNDLE_IDENTIFIER = Natasha.LoserTests;
				PRODUCT_NAME = "$(TARGET_NAME)";
				TEST_HOST = "$(BUILT_PRODUCTS_DIR)/Loser.app/Loser";
			};
			name = Debug;
		};
		6EC873A11F38F86600E2BA40 /* Release */ = {
			isa = XCBuildConfiguration;
			buildSettings = {
				BUNDLE_LOADER = "$(TEST_HOST)";
				INFOPLIST_FILE = LoserTests/Info.plist;
				LD_RUNPATH_SEARCH_PATHS = "$(inherited) @executable_path/Frameworks @loader_path/Frameworks";
				PRODUCT_BUNDLE_IDENTIFIER = Natasha.LoserTests;
				PRODUCT_NAME = "$(TARGET_NAME)";
				TEST_HOST = "$(BUILT_PRODUCTS_DIR)/Loser.app/Loser";
			};
			name = Release;
		};
		6EC873A31F38F86600E2BA40 /* Debug */ = {
			isa = XCBuildConfiguration;
			buildSettings = {
				INFOPLIST_FILE = LoserUITests/Info.plist;
				LD_RUNPATH_SEARCH_PATHS = "$(inherited) @executable_path/Frameworks @loader_path/Frameworks";
				PRODUCT_BUNDLE_IDENTIFIER = Natasha.LoserUITests;
				PRODUCT_NAME = "$(TARGET_NAME)";
				TEST_TARGET_NAME = Loser;
			};
			name = Debug;
		};
		6EC873A41F38F86600E2BA40 /* Release */ = {
			isa = XCBuildConfiguration;
			buildSettings = {
				INFOPLIST_FILE = LoserUITests/Info.plist;
				LD_RUNPATH_SEARCH_PATHS = "$(inherited) @executable_path/Frameworks @loader_path/Frameworks";
				PRODUCT_BUNDLE_IDENTIFIER = Natasha.LoserUITests;
				PRODUCT_NAME = "$(TARGET_NAME)";
				TEST_TARGET_NAME = Loser;
			};
			name = Release;
		};
/* End XCBuildConfiguration section */

/* Begin XCConfigurationList section */
		6EC8736A1F38F86600E2BA40 /* Build configuration list for PBXProject "Loser" */ = {
			isa = XCConfigurationList;
			buildConfigurations = (
				6EC8739A1F38F86600E2BA40 /* Debug */,
				6EC8739B1F38F86600E2BA40 /* Release */,
			);
			defaultConfigurationIsVisible = 0;
			defaultConfigurationName = Release;
		};
		6EC8739C1F38F86600E2BA40 /* Build configuration list for PBXNativeTarget "Loser" */ = {
			isa = XCConfigurationList;
			buildConfigurations = (
				6EC8739D1F38F86600E2BA40 /* Debug */,
				6EC8739E1F38F86600E2BA40 /* Release */,
			);
			defaultConfigurationIsVisible = 0;
		};
		6EC8739F1F38F86600E2BA40 /* Build configuration list for PBXNativeTarget "LoserTests" */ = {
			isa = XCConfigurationList;
			buildConfigurations = (
				6EC873A01F38F86600E2BA40 /* Debug */,
				6EC873A11F38F86600E2BA40 /* Release */,
			);
			defaultConfigurationIsVisible = 0;
		};
		6EC873A21F38F86600E2BA40 /* Build configuration list for PBXNativeTarget "LoserUITests" */ = {
			isa = XCConfigurationList;
			buildConfigurations = (
				6EC873A31F38F86600E2BA40 /* Debug */,
				6EC873A41F38F86600E2BA40 /* Release */,
			);
			defaultConfigurationIsVisible = 0;
		};
/* End XCConfigurationList section */
	};
	rootObject = 6EC873671F38F86600E2BA40 /* Project object */;
}
